
Microsoft Visual Studio Solution File, Format Version 12.00
# Visual Studio Version 17
VisualStudioVersion = 17.9.34728.123
MinimumVisualStudioVersion = 10.0.40219.1
Project("{FAE04EC0-301F-11D3-BF4B-00C04F79EFBC}") = "GitAsCVC", "GitAsCVC.csproj", "{57C97D7E-849E-4C1B-9556-B227E5706AA0}"
EndProject
Global
	GlobalSection(SolutionConfigurationPlatforms) = preSolution
		Debug|Any CPU = Debug|Any CPU
		Release|Any CPU = Release|Any CPU
	EndGlobalSection
	GlobalSection(ProjectConfigurationPlatforms) = postSolution
		{57C97D7E-849E-4C1B-9556-B227E5706AA0}.Debug|Any CPU.ActiveCfg = Debug|Any CPU
		{57C97D7E-849E-4C1B-9556-B227E5706AA0}.Debug|Any CPU.Build.0 = Debug|Any CPU
		{57C97D7E-849E-4C1B-9556-B227E5706AA0}.Release|Any CPU.ActiveCfg = Release|Any CPU
		{57C97D7E-849E-4C1B-9556-B227E5706AA0}.Release|Any CPU.Build.0 = Release|Any CPU
	EndGlobalSection
	GlobalSection(SolutionProperties) = preSolution
		HideSolutionNode = FALSE
	EndGlobalSection
	GlobalSection(ExtensibilityGlobals) = postSolution
		SolutionGuid = {A31F0B93-C865-46C3-806D-B5F033687835}
	EndGlobalSection
EndGlobal
